// !$*UTF8*$!
{
	archiveVersion = 1;
	classes = {
	};
	objectVersion = 56;
	objects = {

/* Begin PBXBuildFile section */
		4B65D1F9293EC9070075A2E5 /* Game.swift in Sources */ = {isa = PBXBuildFile; fileRef = 4B65D1F8293EC9070075A2E5 /* Game.swift */; };
		4B65D1FC293F5DF70075A2E5 /* RoundedView.swift in Sources */ = {isa = PBXBuildFile; fileRef = 4B65D1FB293F5DF70075A2E5 /* RoundedView.swift */; };
		4B65D1FE293F650B0075A2E5 /* BackgrounView.swift in Sources */ = {isa = PBXBuildFile; fileRef = 4B65D1FD293F650B0075A2E5 /* BackgrounView.swift */; };
		4B65D200293F6B2C0075A2E5 /* TextView.swift in Sources */ = {isa = PBXBuildFile; fileRef = 4B65D1FF293F6B2C0075A2E5 /* TextView.swift */; };
		4B65D202293F8E070075A2E5 /* PointsView.swift in Sources */ = {isa = PBXBuildFile; fileRef = 4B65D201293F8E070075A2E5 /* PointsView.swift */; };
		4BA9AE5F293E81F40032ED79 /* BullsyeApp.swift in Sources */ = {isa = PBXBuildFile; fileRef = 4BA9AE5E293E81F40032ED79 /* BullsyeApp.swift */; };
		4BA9AE61293E81F40032ED79 /* ContentView.swift in Sources */ = {isa = PBXBuildFile; fileRef = 4BA9AE60293E81F40032ED79 /* ContentView.swift */; };
		4BA9AE63293E81F60032ED79 /* Assets.xcassets in Resources */ = {isa = PBXBuildFile; fileRef = 4BA9AE62293E81F60032ED79 /* Assets.xcassets */; };
		4BA9AE66293E81F60032ED79 /* Preview Assets.xcassets in Resources */ = {isa = PBXBuildFile; fileRef = 4BA9AE65293E81F60032ED79 /* Preview Assets.xcassets */; };
/* End PBXBuildFile section */

/* Begin PBXContainerItemProxy section */
		4BA9AE6C293E81F60032ED79 /* PBXContainerItemProxy */ = {
			isa = PBXContainerItemProxy;
			containerPortal = 4BA9AE53293E81F40032ED79 /* Project object */;
			proxyType = 1;
			remoteGlobalIDString = 4BA9AE5A293E81F40032ED79;
			remoteInfo = Bullsye;
		};
		4BA9AE76293E81F60032ED79 /* PBXContainerItemProxy */ = {
			isa = PBXContainerItemProxy;
			containerPortal = 4BA9AE53293E81F40032ED79 /* Project object */;
			proxyType = 1;
			remoteGlobalIDString = 4BA9AE5A293E81F40032ED79;
			remoteInfo = Bullsye;
		};
/* End PBXContainerItemProxy section */

/* Begin PBXFileReference section */
		4B65D1F8293EC9070075A2E5 /* Game.swift */ = {isa = PBXFileReference; lastKnownFileType = sourcecode.swift; path = Game.swift; sourceTree = "<group>"; };
		4B65D1FB293F5DF70075A2E5 /* RoundedView.swift */ = {isa = PBXFileReference; lastKnownFileType = sourcecode.swift; path = RoundedView.swift; sourceTree = "<group>"; };
		4B65D1FD293F650B0075A2E5 /* BackgrounView.swift */ = {isa = PBXFileReference; lastKnownFileType = sourcecode.swift; path = BackgrounView.swift; sourceTree = "<group>"; };
		4B65D1FF293F6B2C0075A2E5 /* TextView.swift */ = {isa = PBXFileReference; lastKnownFileType = sourcecode.swift; path = TextView.swift; sourceTree = "<group>"; };
		4B65D201293F8E070075A2E5 /* PointsView.swift */ = {isa = PBXFileReference; lastKnownFileType = sourcecode.swift; path = PointsView.swift; sourceTree = "<group>"; };
		4BA9AE5B293E81F40032ED79 /* Bullsye.app */ = {isa = PBXFileReference; explicitFileType = wrapper.application; includeInIndex = 0; path = Bullsye.app; sourceTree = BUILT_PRODUCTS_DIR; };
		4BA9AE5E293E81F40032ED79 /* BullsyeApp.swift */ = {isa = PBXFileReference; lastKnownFileType = sourcecode.swift; path = BullsyeApp.swift; sourceTree = "<group>"; };
		4BA9AE60293E81F40032ED79 /* ContentView.swift */ = {isa = PBXFileReference; fileEncoding = 4; lastKnownFileType = sourcecode.swift; lineEnding = 1; path = ContentView.swift; sourceTree = "<group>"; };
		4BA9AE62293E81F60032ED79 /* Assets.xcassets */ = {isa = PBXFileReference; lastKnownFileType = folder.assetcatalog; path = Assets.xcassets; sourceTree = "<group>"; };
		4BA9AE65293E81F60032ED79 /* Preview Assets.xcassets */ = {isa = PBXFileReference; lastKnownFileType = folder.assetcatalog; path = "Preview Assets.xcassets"; sourceTree = "<group>"; };
		4BA9AE6B293E81F60032ED79 /* BullsyeTests.xctest */ = {isa = PBXFileReference; explicitFileType = wrapper.cfbundle; includeInIndex = 0; path = BullsyeTests.xctest; sourceTree = BUILT_PRODUCTS_DIR; };
		4BA9AE75293E81F60032ED79 /* BullsyeUITests.xctest */ = {isa = PBXFileReference; explicitFileType = wrapper.cfbundle; includeInIndex = 0; path = BullsyeUITests.xctest; sourceTree = BUILT_PRODUCTS_DIR; };
/* End PBXFileReference section */

/* Begin PBXFrameworksBuildPhase section */
		4BA9AE58293E81F40032ED79 /* Frameworks */ = {
			isa = PBXFrameworksBuildPhase;
			buildActionMask = 2147483647;
			files = (
			);
			runOnlyForDeploymentPostprocessing = 0;
		};
		4BA9AE68293E81F60032ED79 /* Frameworks */ = {
			isa = PBXFrameworksBuildPhase;
			buildActionMask = 2147483647;
			files = (
			);
			runOnlyForDeploymentPostprocessing = 0;
		};
		4BA9AE72293E81F60032ED79 /* Frameworks */ = {
			isa = PBXFrameworksBuildPhase;
			buildActionMask = 2147483647;
			files = (
			);
			runOnlyForDeploymentPostprocessing = 0;
		};
/* End PBXFrameworksBuildPhase section */

/* Begin PBXGroup section */
		4B65D1F5293EC7FA0075A2E5 /* Models */ = {
			isa = PBXGroup;
			children = (
				4B65D1F8293EC9070075A2E5 /* Game.swift */,
			);
			path = Models;
			sourceTree = "<group>";
		};
		4B65D1F6293EC8030075A2E5 /* App */ = {
			isa = PBXGroup;
			children = (
				4BA9AE62293E81F60032ED79 /* Assets.xcassets */,
				4BA9AE5E293E81F40032ED79 /* BullsyeApp.swift */,
			);
			path = App;
			sourceTree = "<group>";
		};
		4B65D1F7293EC80D0075A2E5 /* Views */ = {
			isa = PBXGroup;
			children = (
				4BA9AE60293E81F40032ED79 /* ContentView.swift */,
				4B65D1FB293F5DF70075A2E5 /* RoundedView.swift */,
				4B65D1FD293F650B0075A2E5 /* BackgrounView.swift */,
				4B65D1FF293F6B2C0075A2E5 /* TextView.swift */,
				4B65D201293F8E070075A2E5 /* PointsView.swift */,
			);
			path = Views;
			sourceTree = "<group>";
		};
		4BA9AE52293E81F40032ED79 = {
			isa = PBXGroup;
			children = (
				4BA9AE5D293E81F40032ED79 /* Bullsye */,
				4BA9AE5C293E81F40032ED79 /* Products */,
			);
			sourceTree = "<group>";
		};
		4BA9AE5C293E81F40032ED79 /* Products */ = {
			isa = PBXGroup;
			children = (
				4BA9AE5B293E81F40032ED79 /* Bullsye.app */,
				4BA9AE6B293E81F60032ED79 /* BullsyeTests.xctest */,
				4BA9AE75293E81F60032ED79 /* BullsyeUITests.xctest */,
			);
			name = Products;
			sourceTree = "<group>";
		};
		4BA9AE5D293E81F40032ED79 /* Bullsye */ = {
			isa = PBXGroup;
			children = (
				4B65D1F7293EC80D0075A2E5 /* Views */,
				4B65D1F6293EC8030075A2E5 /* App */,
				4B65D1F5293EC7FA0075A2E5 /* Models */,
				4BA9AE64293E81F60032ED79 /* Preview Content */,
			);
			path = Bullsye;
			sourceTree = "<group>";
		};
		4BA9AE64293E81F60032ED79 /* Preview Content */ = {
			isa = PBXGroup;
			children = (
				4BA9AE65293E81F60032ED79 /* Preview Assets.xcassets */,
			);
			path = "Preview Content";
			sourceTree = "<group>";
		};
/* End PBXGroup section */

/* Begin PBXNativeTarget section */
		4BA9AE5A293E81F40032ED79 /* Bullsye */ = {
			isa = PBXNativeTarget;
			buildConfigurationList = 4BA9AE7F293E81F60032ED79 /* Build configuration list for PBXNativeTarget "Bullsye" */;
			buildPhases = (
				4BA9AE57293E81F40032ED79 /* Sources */,
				4BA9AE58293E81F40032ED79 /* Frameworks */,
				4BA9AE59293E81F40032ED79 /* Resources */,
			);
			buildRules = (
			);
			dependencies = (
			);
			name = Bullsye;
			productName = Bullsye;
			productReference = 4BA9AE5B293E81F40032ED79 /* Bullsye.app */;
			productType = "com.apple.product-type.application";
		};
		4BA9AE6A293E81F60032ED79 /* BullsyeTests */ = {
			isa = PBXNativeTarget;
			buildConfigurationList = 4BA9AE82293E81F60032ED79 /* Build configuration list for PBXNativeTarget "BullsyeTests" */;
			buildPhases = (
				4BA9AE67293E81F60032ED79 /* Sources */,
				4BA9AE68293E81F60032ED79 /* Frameworks */,
				4BA9AE69293E81F60032ED79 /* Resources */,
			);
			buildRules = (
			);
			dependencies = (
				4BA9AE6D293E81F60032ED79 /* PBXTargetDependency */,
			);
			name = BullsyeTests;
			productName = BullsyeTests;
			productReference = 4BA9AE6B293E81F60032ED79 /* BullsyeTests.xctest */;
			productType = "com.apple.product-type.bundle.unit-test";
		};
		4BA9AE74293E81F60032ED79 /* BullsyeUITests */ = {
			isa = PBXNativeTarget;
			buildConfigurationList = 4BA9AE85293E81F60032ED79 /* Build configuration list for PBXNativeTarget "BullsyeUITests" */;
			buildPhases = (
				4BA9AE71293E81F60032ED79 /* Sources */,
				4BA9AE72293E81F60032ED79 /* Frameworks */,
				4BA9AE73293E81F60032ED79 /* Resources */,
			);
			buildRules = (
			);
			dependencies = (
				4BA9AE77293E81F60032ED79 /* PBXTargetDependency */,
			);
			name = BullsyeUITests;
			productName = BullsyeUITests;
			productReference = 4BA9AE75293E81F60032ED79 /* BullsyeUITests.xctest */;
			productType = "com.apple.product-type.bundle.ui-testing";
		};
/* End PBXNativeTarget section */

/* Begin PBXProject section */
		4BA9AE53293E81F40032ED79 /* Project object */ = {
			isa = PBXProject;
			attributes = {
				BuildIndependentTargetsInParallel = 1;
				LastSwiftUpdateCheck = 1410;
				LastUpgradeCheck = 1410;
				TargetAttributes = {
					4BA9AE5A293E81F40032ED79 = {
						CreatedOnToolsVersion = 14.1;
					};
					4BA9AE6A293E81F60032ED79 = {
						CreatedOnToolsVersion = 14.1;
						TestTargetID = 4BA9AE5A293E81F40032ED79;
					};
					4BA9AE74293E81F60032ED79 = {
						CreatedOnToolsVersion = 14.1;
						TestTargetID = 4BA9AE5A293E81F40032ED79;
					};
				};
			};
			buildConfigurationList = 4BA9AE56293E81F40032ED79 /* Build configuration list for PBXProject "Bullsye" */;
			compatibilityVersion = "Xcode 14.0";
			developmentRegion = en;
			hasScannedForEncodings = 0;
			knownRegions = (
				en,
				Base,
			);
			mainGroup = 4BA9AE52293E81F40032ED79;
			productRefGroup = 4BA9AE5C293E81F40032ED79 /* Products */;
			projectDirPath = "";
			projectRoot = "";
			targets = (
				4BA9AE5A293E81F40032ED79 /* Bullsye */,
				4BA9AE6A293E81F60032ED79 /* BullsyeTests */,
				4BA9AE74293E81F60032ED79 /* BullsyeUITests */,
			);
		};
/* End PBXProject section */

/* Begin PBXResourcesBuildPhase section */
		4BA9AE59293E81F40032ED79 /* Resources */ = {
			isa = PBXResourcesBuildPhase;
			buildActionMask = 2147483647;
			files = (
				4BA9AE66293E81F60032ED79 /* Preview Assets.xcassets in Resources */,
				4BA9AE63293E81F60032ED79 /* Assets.xcassets in Resources */,
			);
			runOnlyForDeploymentPostprocessing = 0;
		};
		4BA9AE69293E81F60032ED79 /* Resources */ = {
			isa = PBXResourcesBuildPhase;
			buildActionMask = 2147483647;
			files = (
			);
			runOnlyForDeploymentPostprocessing = 0;
		};
		4BA9AE73293E81F60032ED79 /* Resources */ = {
			isa = PBXResourcesBuildPhase;
			buildActionMask = 2147483647;
			files = (
			);
			runOnlyForDeploymentPostprocessing = 0;
		};
/* End PBXResourcesBuildPhase section */

/* Begin PBXSourcesBuildPhase section */
		4BA9AE57293E81F40032ED79 /* Sources */ = {
			isa = PBXSourcesBuildPhase;
			buildActionMask = 2147483647;
			files = (
				4B65D1FC293F5DF70075A2E5 /* RoundedView.swift in Sources */,
				4BA9AE61293E81F40032ED79 /* ContentView.swift in Sources */,
				4B65D1F9293EC9070075A2E5 /* Game.swift in Sources */,
				4B65D200293F6B2C0075A2E5 /* TextView.swift in Sources */,
				4B65D202293F8E070075A2E5 /* PointsView.swift in Sources */,
				4BA9AE5F293E81F40032ED79 /* BullsyeApp.swift in Sources */,
				4B65D1FE293F650B0075A2E5 /* BackgrounView.swift in Sources */,
			);
			runOnlyForDeploymentPostprocessing = 0;
		};
		4BA9AE67293E81F60032ED79 /* Sources */ = {
			isa = PBXSourcesBuildPhase;
			buildActionMask = 2147483647;
			files = (
			);
			runOnlyForDeploymentPostprocessing = 0;
		};
		4BA9AE71293E81F60032ED79 /* Sources */ = {
			isa = PBXSourcesBuildPhase;
			buildActionMask = 2147483647;
			files = (
			);
			runOnlyForDeploymentPostprocessing = 0;
		};
/* End PBXSourcesBuildPhase section */

/* Begin PBXTargetDependency section */
		4BA9AE6D293E81F60032ED79 /* PBXTargetDependency */ = {
			isa = PBXTargetDependency;
			target = 4BA9AE5A293E81F40032ED79 /* Bullsye */;
			targetProxy = 4BA9AE6C293E81F60032ED79 /* PBXContainerItemProxy */;
		};
		4BA9AE77293E81F60032ED79 /* PBXTargetDependency */ = {
			isa = PBXTargetDependency;
			target = 4BA9AE5A293E81F40032ED79 /* Bullsye */;
			targetProxy = 4BA9AE76293E81F60032ED79 /* PBXContainerItemProxy */;
		};
/* End PBXTargetDependency section */

/* Begin XCBuildConfiguration section */
		4BA9AE7D293E81F60032ED79 /* Debug */ = {
			isa = XCBuildConfiguration;
			buildSettings = {
				ALWAYS_SEARCH_USER_PATHS = NO;
				CLANG_ANALYZER_NONNULL = YES;
				CLANG_ANALYZER_NUMBER_OBJECT_CONVERSION = YES_AGGRESSIVE;
				CLANG_CXX_LANGUAGE_STANDARD = "gnu++20";
				CLANG_ENABLE_MODULES = YES;
				CLANG_ENABLE_OBJC_ARC = YES;
				CLANG_ENABLE_OBJC_WEAK = YES;
				CLANG_WARN_BLOCK_CAPTURE_AUTORELEASING = YES;
				CLANG_WARN_BOOL_CONVERSION = YES;
				CLANG_WARN_COMMA = YES;
				CLANG_WARN_CONSTANT_CONVERSION = YES;
				CLANG_WARN_DEPRECATED_OBJC_IMPLEMENTATIONS = YES;
				CLANG_WARN_DIRECT_OBJC_ISA_USAGE = YES_ERROR;
				CLANG_WARN_DOCUMENTATION_COMMENTS = YES;
				CLANG_WARN_EMPTY_BODY = YES;
				CLANG_WARN_ENUM_CONVERSION = YES;
				CLANG_WARN_INFINITE_RECURSION = YES;
				CLANG_WARN_INT_CONVERSION = YES;
				CLANG_WARN_NON_LITERAL_NULL_CONVERSION = YES;
				CLANG_WARN_OBJC_IMPLICIT_RETAIN_SELF = YES;
				CLANG_WARN_OBJC_LITERAL_CONVERSION = YES;
				CLANG_WARN_OBJC_ROOT_CLASS = YES_ERROR;
				CLANG_WARN_QUOTED_INCLUDE_IN_FRAMEWORK_HEADER = YES;
				CLANG_WARN_RANGE_LOOP_ANALYSIS = YES;
				CLANG_WARN_STRICT_PROTOTYPES = YES;
				CLANG_WARN_SUSPICIOUS_MOVE = YES;
				CLANG_WARN_UNGUARDED_AVAILABILITY = YES_AGGRESSIVE;
				CLANG_WARN_UNREACHABLE_CODE = YES;
				CLANG_WARN__DUPLICATE_METHOD_MATCH = YES;
				COPY_PHASE_STRIP = NO;
				DEBUG_INFORMATION_FORMAT = dwarf;
				ENABLE_STRICT_OBJC_MSGSEND = YES;
				ENABLE_TESTABILITY = YES;
				GCC_C_LANGUAGE_STANDARD = gnu11;
				GCC_DYNAMIC_NO_PIC = NO;
				GCC_NO_COMMON_BLOCKS = YES;
				GCC_OPTIMIZATION_LEVEL = 0;
				GCC_PREPROCESSOR_DEFINITIONS = (
					"DEBUG=1",
					"$(inherited)",
				);
				GCC_WARN_64_TO_32_BIT_CONVERSION = YES;
				GCC_WARN_ABOUT_RETURN_TYPE = YES_ERROR;
				GCC_WARN_UNDECLARED_SELECTOR = YES;
				GCC_WARN_UNINITIALIZED_AUTOS = YES_AGGRESSIVE;
				GCC_WARN_UNUSED_FUNCTION = YES;
				GCC_WARN_UNUSED_VARIABLE = YES;
				IPHONEOS_DEPLOYMENT_TARGET = 16.1;
				MTL_ENABLE_DEBUG_INFO = INCLUDE_SOURCE;
				MTL_FAST_MATH = YES;
				ONLY_ACTIVE_ARCH = YES;
				SDKROOT = iphoneos;
				SWIFT_ACTIVE_COMPILATION_CONDITIONS = DEBUG;
				SWIFT_OPTIMIZATION_LEVEL = "-Onone";
			};
			name = Debug;
		};
		4BA9AE7E293E81F60032ED79 /* Release */ = {
			isa = XCBuildConfiguration;
			buildSettings = {
				ALWAYS_SEARCH_USER_PATHS = NO;
				CLANG_ANALYZER_NONNULL = YES;
				CLANG_ANALYZER_NUMBER_OBJECT_CONVERSION = YES_AGGRESSIVE;
				CLANG_CXX_LANGUAGE_STANDARD = "gnu++20";
				CLANG_ENABLE_MODULES = YES;
				CLANG_ENABLE_OBJC_ARC = YES;
				CLANG_ENABLE_OBJC_WEAK = YES;
				CLANG_WARN_BLOCK_CAPTURE_AUTORELEASING = YES;
				CLANG_WARN_BOOL_CONVERSION = YES;
				CLANG_WARN_COMMA = YES;
				CLANG_WARN_CONSTANT_CONVERSION = YES;
				CLANG_WARN_DEPRECATED_OBJC_IMPLEMENTATIONS = YES;
				CLANG_WARN_DIRECT_OBJC_ISA_USAGE = YES_ERROR;
				CLANG_WARN_DOCUMENTATION_COMMENTS = YES;
				CLANG_WARN_EMPTY_BODY = YES;
				CLANG_WARN_ENUM_CONVERSION = YES;
				CLANG_WARN_INFINITE_RECURSION = YES;
				CLANG_WARN_INT_CONVERSION = YES;
				CLANG_WARN_NON_LITERAL_NULL_CONVERSION = YES;
				CLANG_WARN_OBJC_IMPLICIT_RETAIN_SELF = YES;
				CLANG_WARN_OBJC_LITERAL_CONVERSION = YES;
				CLANG_WARN_OBJC_ROOT_CLASS = YES_ERROR;
				CLANG_WARN_QUOTED_INCLUDE_IN_FRAMEWORK_HEADER = YES;
				CLANG_WARN_RANGE_LOOP_ANALYSIS = YES;
				CLANG_WARN_STRICT_PROTOTYPES = YES;
				CLANG_WARN_SUSPICIOUS_MOVE = YES;
				CLANG_WARN_UNGUARDED_AVAILABILITY = YES_AGGRESSIVE;
				CLANG_WARN_UNREACHABLE_CODE = YES;
				CLANG_WARN__DUPLICATE_METHOD_MATCH = YES;
				COPY_PHASE_STRIP = NO;
				DEBUG_INFORMATION_FORMAT = "dwarf-with-dsym";
				ENABLE_NS_ASSERTIONS = NO;
				ENABLE_STRICT_OBJC_MSGSEND = YES;
				GCC_C_LANGUAGE_STANDARD = gnu11;
				GCC_NO_COMMON_BLOCKS = YES;
				GCC_WARN_64_TO_32_BIT_CONVERSION = YES;
				GCC_WARN_ABOUT_RETURN_TYPE = YES_ERROR;
				GCC_WARN_UNDECLARED_SELECTOR = YES;
				GCC_WARN_UNINITIALIZED_AUTOS = YES_AGGRESSIVE;
				GCC_WARN_UNUSED_FUNCTION = YES;
				GCC_WARN_UNUSED_VARIABLE = YES;
				IPHONEOS_DEPLOYMENT_TARGET = 16.1;
				MTL_ENABLE_DEBUG_INFO = NO;
				MTL_FAST_MATH = YES;
				SDKROOT = iphoneos;
				SWIFT_COMPILATION_MODE = wholemodule;
				SWIFT_OPTIMIZATION_LEVEL = "-O";
				VALIDATE_PRODUCT = YES;
			};
			name = Release;
		};
		4BA9AE80293E81F60032ED79 /* Debug */ = {
			isa = XCBuildConfiguration;
			buildSettings = {
				ASSETCATALOG_COMPILER_APPICON_NAME = AppIcon;
				ASSETCATALOG_COMPILER_GLOBAL_ACCENT_COLOR_NAME = AccentColor;
				CODE_SIGN_STYLE = Automatic;
				CURRENT_PROJECT_VERSION = 1;
				DEVELOPMENT_ASSET_PATHS = "\"Bullsye/Preview Content\"";
				ENABLE_PREVIEWS = YES;
				GENERATE_INFOPLIST_FILE = YES;
				INFOPLIST_KEY_UIApplicationSceneManifest_Generation = YES;
				INFOPLIST_KEY_UIApplicationSupportsIndirectInputEvents = YES;
				INFOPLIST_KEY_UILaunchScreen_Generation = YES;
				INFOPLIST_KEY_UISupportedInterfaceOrientations_iPad = "UIInterfaceOrientationPortrait UIInterfaceOrientationPortraitUpsideDown UIInterfaceOrientationLandscapeLeft UIInterfaceOrientationLandscapeRight";
				INFOPLIST_KEY_UISupportedInterfaceOrientations_iPhone = "UIInterfaceOrientationPortrait UIInterfaceOrientationLandscapeLeft UIInterfaceOrientationLandscapeRight";
				LD_RUNPATH_SEARCH_PATHS = (
					"$(inherited)",
					"@executable_path/Frameworks",
				);
				MARKETING_VERSION = 1.0;
				PRODUCT_BUNDLE_IDENTIFIER = littlelemon.Bullsye;
				PRODUCT_NAME = "$(TARGET_NAME)";
				SWIFT_EMIT_LOC_STRINGS = YES;
				SWIFT_VERSION = 5.0;
				TARGETED_DEVICE_FAMILY = "1,2";
			};
			name = Debug;
		};
		4BA9AE81293E81F60032ED79 /* Release */ = {
			isa = XCBuildConfiguration;
			buildSettings = {
				ASSETCATALOG_COMPILER_APPICON_NAME = AppIcon;
				ASSETCATALOG_COMPILER_GLOBAL_ACCENT_COLOR_NAME = AccentColor;
				CODE_SIGN_STYLE = Automatic;
				CURRENT_PROJECT_VERSION = 1;
				DEVELOPMENT_ASSET_PATHS = "\"Bullsye/Preview Content\"";
				ENABLE_PREVIEWS = YES;
				GENERATE_INFOPLIST_FILE = YES;
				INFOPLIST_KEY_UIApplicationSceneManifest_Generation = YES;
				INFOPLIST_KEY_UIApplicationSupportsIndirectInputEvents = YES;
				INFOPLIST_KEY_UILaunchScreen_Generation = YES;
				INFOPLIST_KEY_UISupportedInterfaceOrientations_iPad = "UIInterfaceOrientationPortrait UIInterfaceOrientationPortraitUpsideDown UIInterfaceOrientationLandscapeLeft UIInterfaceOrientationLandscapeRight";
				INFOPLIST_KEY_UISupportedInterfaceOrientations_iPhone = "UIInterfaceOrientationPortrait UIInterfaceOrientationLandscapeLeft UIInterfaceOrientationLandscapeRight";
				LD_RUNPATH_SEARCH_PATHS = (
					"$(inherited)",
					"@executable_path/Frameworks",
				);
				MARKETING_VERSION = 1.0;
				PRODUCT_BUNDLE_IDENTIFIER = littlelemon.Bullsye;
				PRODUCT_NAME = "$(TARGET_NAME)";
				SWIFT_EMIT_LOC_STRINGS = YES;
				SWIFT_VERSION = 5.0;
				TARGETED_DEVICE_FAMILY = "1,2";
			};
			name = Release;
		};
		4BA9AE83293E81F60032ED79 /* Debug */ = {
			isa = XCBuildConfiguration;
			buildSettings = {
				ALWAYS_EMBED_SWIFT_STANDARD_LIBRARIES = YES;
				BUNDLE_LOADER = "$(TEST_HOST)";
				CODE_SIGN_STYLE = Automatic;
				CURRENT_PROJECT_VERSION = 1;
				GENERATE_INFOPLIST_FILE = YES;
				IPHONEOS_DEPLOYMENT_TARGET = 16.1;
				MARKETING_VERSION = 1.0;
				PRODUCT_BUNDLE_IDENTIFIER = littlelemon.BullsyeTests;
				PRODUCT_NAME = "$(TARGET_NAME)";
				SWIFT_EMIT_LOC_STRINGS = NO;
				SWIFT_VERSION = 5.0;
				TARGETED_DEVICE_FAMILY = "1,2";
				TEST_HOST = "$(BUILT_PRODUCTS_DIR)/Bullsye.app/$(BUNDLE_EXECUTABLE_FOLDER_PATH)/Bullsye";
			};
			name = Debug;
		};
		4BA9AE84293E81F60032ED79 /* Release */ = {
			isa = XCBuildConfiguration;
			buildSettings = {
				ALWAYS_EMBED_SWIFT_STANDARD_LIBRARIES = YES;
				BUNDLE_LOADER = "$(TEST_HOST)";
				CODE_SIGN_STYLE = Automatic;
				CURRENT_PROJECT_VERSION = 1;
				GENERATE_INFOPLIST_FILE = YES;
				IPHONEOS_DEPLOYMENT_TARGET = 16.1;
				MARKETING_VERSION = 1.0;
				PRODUCT_BUNDLE_IDENTIFIER = littlelemon.BullsyeTests;
				PRODUCT_NAME = "$(TARGET_NAME)";
				SWIFT_EMIT_LOC_STRINGS = NO;
				SWIFT_VERSION = 5.0;
				TARGETED_DEVICE_FAMILY = "1,2";
				TEST_HOST = "$(BUILT_PRODUCTS_DIR)/Bullsye.app/$(BUNDLE_EXECUTABLE_FOLDER_PATH)/Bullsye";
			};
			name = Release;
		};
		4BA9AE86293E81F60032ED79 /* Debug */ = {
			isa = XCBuildConfiguration;
			buildSettings = {
				ALWAYS_EMBED_SWIFT_STANDARD_LIBRARIES = YES;
				CODE_SIGN_STYLE = Automatic;
				CURRENT_PROJECT_VERSION = 1;
				GENERATE_INFOPLIST_FILE = YES;
				MARKETING_VERSION = 1.0;
				PRODUCT_BUNDLE_IDENTIFIER = littlelemon.BullsyeUITests;
				PRODUCT_NAME = "$(TARGET_NAME)";
				SWIFT_EMIT_LOC_STRINGS = NO;
				SWIFT_VERSION = 5.0;
				TARGETED_DEVICE_FAMILY = "1,2";
				TEST_TARGET_NAME = Bullsye;
			};
			name = Debug;
		};
		4BA9AE87293E81F60032ED79 /* Release */ = {
			isa = XCBuildConfiguration;
			buildSettings = {
				ALWAYS_EMBED_SWIFT_STANDARD_LIBRARIES = YES;
				CODE_SIGN_STYLE = Automatic;
				CURRENT_PROJECT_VERSION = 1;
				GENERATE_INFOPLIST_FILE = YES;
				MARKETING_VERSION = 1.0;
				PRODUCT_BUNDLE_IDENTIFIER = littlelemon.BullsyeUITests;
				PRODUCT_NAME = "$(TARGET_NAME)";
				SWIFT_EMIT_LOC_STRINGS = NO;
				SWIFT_VERSION = 5.0;
				TARGETED_DEVICE_FAMILY = "1,2";
				TEST_TARGET_NAME = Bullsye;
			};
			name = Release;
		};
/* End XCBuildConfiguration section */

/* Begin XCConfigurationList section */
		4BA9AE56293E81F40032ED79 /* Build configuration list for PBXProject "Bullsye" */ = {
			isa = XCConfigurationList;
			buildConfigurations = (
				4BA9AE7D293E81F60032ED79 /* Debug */,
				4BA9AE7E293E81F60032ED79 /* Release */,
			);
			defaultConfigurationIsVisible = 0;
			defaultConfigurationName = Release;
		};
		4BA9AE7F293E81F60032ED79 /* Build configuration list for PBXNativeTarget "Bullsye" */ = {
			isa = XCConfigurationList;
			buildConfigurations = (
				4BA9AE80293E81F60032ED79 /* Debug */,
				4BA9AE81293E81F60032ED79 /* Release */,
			);
			defaultConfigurationIsVisible = 0;
			defaultConfigurationName = Release;
		};
		4BA9AE82293E81F60032ED79 /* Build configuration list for PBXNativeTarget "BullsyeTests" */ = {
			isa = XCConfigurationList;
			buildConfigurations = (
				4BA9AE83293E81F60032ED79 /* Debug */,
				4BA9AE84293E81F60032ED79 /* Release */,
			);
			defaultConfigurationIsVisible = 0;
			defaultConfigurationName = Release;
		};
		4BA9AE85293E81F60032ED79 /* Build configuration list for PBXNativeTarget "BullsyeUITests" */ = {
			isa = XCConfigurationList;
			buildConfigurations = (
				4BA9AE86293E81F60032ED79 /* Debug */,
				4BA9AE87293E81F60032ED79 /* Release */,
			);
			defaultConfigurationIsVisible = 0;
			defaultConfigurationName = Release;
		};
/* End XCConfigurationList section */
	};
	rootObject = 4BA9AE53293E81F40032ED79 /* Project object */;
}
